
Microsoft Visual Studio Solution File, Format Version 12.00
# Visual Studio Version 16
VisualStudioVersion = 16.0.33529.622
MinimumVisualStudioVersion = 10.0.40219.1
Project("{8BC9CEB8-8B4A-11D0-8D11-00A0C91BC942}") = "musicClassFunction", "musicClassFunction.vcxproj", "{EAB18809-31F6-4C53-AF6C-009F20E1E895}"
EndProject
Global
	GlobalSection(SolutionConfigurationPlatforms) = preSolution
		Debug|x64 = Debug|x64
		Debug|x86 = Debug|x86
		Release|x64 = Release|x64
		Release|x86 = Release|x86
	EndGlobalSection
	GlobalSection(ProjectConfigurationPlatforms) = postSolution
		{EAB18809-31F6-4C53-AF6C-009F20E1E895}.Debug|x64.ActiveCfg = Debug|x64
		{EAB18809-31F6-4C53-AF6C-009F20E1E895}.Debug|x64.Build.0 = Debug|x64
		{EAB18809-31F6-4C53-AF6C-009F20E1E895}.Debug|x86.ActiveCfg = Debug|Win32
		{EAB18809-31F6-4C53-AF6C-009F20E1E895}.Debug|x86.Build.0 = Debug|Win32
		{EAB18809-31F6-4C53-AF6C-009F20E1E895}.Release|x64.ActiveCfg = Release|x64
		{EAB18809-31F6-4C53-AF6C-009F20E1E895}.Release|x64.Build.0 = Release|x64
		{EAB18809-31F6-4C53-AF6C-009F20E1E895}.Release|x86.ActiveCfg = Release|Win32
		{EAB18809-31F6-4C53-AF6C-009F20E1E895}.Release|x86.Build.0 = Release|Win32
	EndGlobalSection
	GlobalSection(SolutionProperties) = preSolution
		HideSolutionNode = FALSE
	EndGlobalSection
	GlobalSection(ExtensibilityGlobals) = postSolution
		SolutionGuid = {D280853A-4D7F-4A3A-9EC5-247F81DCF9A5}
	EndGlobalSection
EndGlobal
